
Microsoft Visual Studio Solution File, Format Version 12.00
# Visual Studio 15
VisualStudioVersion = 15.0.28010.2041
MinimumVisualStudioVersion = 10.0.40219.1
Project("{9092AA53-FB77-4645-B42D-1CCCA6BD08BD}") = "landingPageServer", "landingPageServer\landingPageServer.njsproj", "{AC009BFB-C799-4B0C-BBC8-14E431E684FA}"
EndProject
Global
	GlobalSection(SolutionConfigurationPlatforms) = preSolution
		Debug|Any CPU = Debug|Any CPU
		Release|Any CPU = Release|Any CPU
	EndGlobalSection
	GlobalSection(ProjectConfigurationPlatforms) = postSolution
		{AC009BFB-C799-4B0C-BBC8-14E431E684FA}.Debug|Any CPU.ActiveCfg = Debug|Any CPU
		{AC009BFB-C799-4B0C-BBC8-14E431E684FA}.Debug|Any CPU.Build.0 = Debug|Any CPU
		{AC009BFB-C799-4B0C-BBC8-14E431E684FA}.Release|Any CPU.ActiveCfg = Release|Any CPU
		{AC009BFB-C799-4B0C-BBC8-14E431E684FA}.Release|Any CPU.Build.0 = Release|Any CPU
	EndGlobalSection
	GlobalSection(SolutionProperties) = preSolution
		HideSolutionNode = FALSE
	EndGlobalSection
	GlobalSection(ExtensibilityGlobals) = postSolution
		SolutionGuid = {8A18B9FB-2E28-4E62-8E05-3372C4A1CAB8}
	EndGlobalSection
EndGlobal
